{
  "name": "extension",
  "version": "1.0.0",
  "lockfileVersion": 3,
  "requires": true,
  "packages": {
    "": {
      "name": "extension",
      "version": "1.0.0",
      "license": "ISC",
      "devDependencies": {
        "chrome-types": "^0.1.242"
      }
    },
    "node_modules/chrome-types": {
      "version": "0.1.242",
      "resolved": "https://registry.npmjs.org/chrome-types/-/chrome-types-0.1.242.tgz",
      "integrity": "sha512-6BT13ddyP9G13rBRJNh1HKZHXpM2aieChLg4e+afiOEEnzSlF1ssgs4Fyr68KlrrJbsOFncLXnxq6ZafnU0xzw==",
      "dev": true
    }
  }
}
